<?xml version="1.0" encoding="utf-8"?>
<Project ToolsVersion="4.0" xmlns="http://schemas.microsoft.com/developer/msbuild/2003">
  <ItemGroup>
    <Filter Include="Cylinder">
      <UniqueIdentifier>{7FF1CBB6-6BBE-26C2-94D7-146A80035C50}</UniqueIdentifier>
    </Filter>
    <Filter Include="Cylinder\Events">
      <UniqueIdentifier>{8318F1BD-EFA3-5E82-F8B4-E17664BFBA82}</UniqueIdentifier>
    </Filter>
  </ItemGroup>
  <ItemGroup>
    <ClInclude Include="src\Cylinder.h" />
    <ClInclude Include="src\Cylinder\Application.h">
      <Filter>Cylinder</Filter>
    </ClInclude>
    <ClInclude Include="src\Cylinder\Core.h">
      <Filter>Cylinder</Filter>
    </ClInclude>
    <ClInclude Include="src\Cylinder\EntryPoint.h">
      <Filter>Cylinder</Filter>
    </ClInclude>
    <ClInclude Include="src\Cylinder\Events\ApplicationEvent.h">
      <Filter>Cylinder\Events</Filter>
    </ClInclude>
    <ClInclude Include="src\Cylinder\Events\Event.h">
      <Filter>Cylinder\Events</Filter>
    </ClInclude>
    <ClInclude Include="src\Cylinder\Events\KeyEvent.h">
      <Filter>Cylinder\Events</Filter>
    </ClInclude>
    <ClInclude Include="src\Cylinder\Events\MouseEvent.h">
      <Filter>Cylinder\Events</Filter>
    </ClInclude>
    <ClInclude Include="src\Cylinder\Log.h">
      <Filter>Cylinder</Filter>
    </ClInclude>
  </ItemGroup>
  <ItemGroup>
    <ClCompile Include="src\Cylinder\Application.cpp">
      <Filter>Cylinder</Filter>
    </ClCompile>
    <ClCompile Include="src\Cylinder\Log.cpp">
      <Filter>Cylinder</Filter>
    </ClCompile>
  </ItemGroup>
</Project>